
Microsoft Visual Studio Solution File, Format Version 12.00
# Visual Studio 14
VisualStudioVersion = 14.0.25420.1
MinimumVisualStudioVersion = 10.0.40219.1
Project("{2150E333-8FDC-42A3-9474-1A3956D46DE8}") = "数据结构", "数据结构", "{763E139B-62EF-40F6-8486-E139DC054443}"
EndProject
Project("{2150E333-8FDC-42A3-9474-1A3956D46DE8}") = "算法", "算法", "{71C68671-D316-4C95-A003-6D61D3CA7FC4}"
EndProject
Project("{2150E333-8FDC-42A3-9474-1A3956D46DE8}") = "设计模式", "设计模式", "{F2ABF2F3-D2DA-4921-A58C-564F84773CA8}"
EndProject
Project("{2150E333-8FDC-42A3-9474-1A3956D46DE8}") = "C++", "C++", "{94155FD5-C52F-4409-91EF-57B29630C106}"
EndProject
Project("{8BC9CEB8-8B4A-11D0-8D11-00A0C91BC942}") = "冒泡排序", "冒泡排序\冒泡排序.vcxproj", "{629F1FEE-B47E-401A-B308-912CA5E7013B}"
EndProject
Project("{8BC9CEB8-8B4A-11D0-8D11-00A0C91BC942}") = "选择排序", "选择排序\选择排序.vcxproj", "{33978C1C-83B6-4636-B101-8AC424C6421C}"
EndProject
Project("{8BC9CEB8-8B4A-11D0-8D11-00A0C91BC942}") = "插入排序", "插入排序\插入排序.vcxproj", "{F72BD283-6450-43A7-A968-17D9DA6A8BD1}"
EndProject
Project("{8BC9CEB8-8B4A-11D0-8D11-00A0C91BC942}") = "快速排序", "快速排序\快速排序.vcxproj", "{40030062-54DF-481E-8B23-F82942CC2DD8}"
EndProject
Project("{2150E333-8FDC-42A3-9474-1A3956D46DE8}") = "国密", "国密", "{53602FB3-646E-4488-965E-5735CC77F66A}"
EndProject
Project("{8BC9CEB8-8B4A-11D0-8D11-00A0C91BC942}") = "归并排序", "归并排序\归并排序.vcxproj", "{75ADC1A6-3FE1-4828-9C61-CA974CD08384}"
EndProject
Project("{8BC9CEB8-8B4A-11D0-8D11-00A0C91BC942}") = "栈", "栈\栈.vcxproj", "{2042FE38-3CC6-46A3-A342-A54F205C8ED3}"
EndProject
Project("{8BC9CEB8-8B4A-11D0-8D11-00A0C91BC942}") = "队列", "队列\队列.vcxproj", "{842A47A8-6E7E-4FA2-90FA-D99CC48884A5}"
EndProject
Project("{8BC9CEB8-8B4A-11D0-8D11-00A0C91BC942}") = "字符串", "字符串\字符串.vcxproj", "{AAE68692-E855-4406-9FD6-8CE444B55007}"
EndProject
Project("{8BC9CEB8-8B4A-11D0-8D11-00A0C91BC942}") = "单链表", "单链表\单链表.vcxproj", "{FE6BF549-BE75-4FFA-BA63-46B9402C9848}"
EndProject
Project("{8BC9CEB8-8B4A-11D0-8D11-00A0C91BC942}") = "双向链表", "双向链表\双向链表.vcxproj", "{F8D71679-D2FA-4870-82AB-A9EFAAC61C72}"
EndProject
Project("{2150E333-8FDC-42A3-9474-1A3956D46DE8}") = "题库", "题库", "{906D0331-8F06-4B73-A552-19DDECBAAF9B}"
EndProject
Project("{8BC9CEB8-8B4A-11D0-8D11-00A0C91BC942}") = "二叉树", "二叉树\二叉树.vcxproj", "{7E1BBF7B-56FC-4613-88F7-6E141A3DF9AD}"
EndProject
Project("{2150E333-8FDC-42A3-9474-1A3956D46DE8}") = "排序", "排序", "{3019895B-63A0-4B3A-986E-6FEF8517ADBA}"
EndProject
Project("{8BC9CEB8-8B4A-11D0-8D11-00A0C91BC942}") = "二分查找", "二分查找\二分查找.vcxproj", "{9D3347A2-91B5-4B66-A30B-D30FF0215407}"
EndProject
Project("{8BC9CEB8-8B4A-11D0-8D11-00A0C91BC942}") = "多态", "多态\多态.vcxproj", "{B9BECC35-B900-4933-B656-2F574C54614A}"
EndProject
Project("{8BC9CEB8-8B4A-11D0-8D11-00A0C91BC942}") = "sizeof", "sizeof\sizeof.vcxproj", "{A87236C1-B7DD-44A7-9C78-DFDDE1B66993}"
EndProject
Project("{8BC9CEB8-8B4A-11D0-8D11-00A0C91BC942}") = "并查集", "并查集\并查集.vcxproj", "{AECE596A-9544-4A62-86A9-38EA58581233}"
EndProject
Project("{8BC9CEB8-8B4A-11D0-8D11-00A0C91BC942}") = "右值引用", "右值引用\右值引用.vcxproj", "{FFCC78BF-B329-474A-B59A-9B44A54CAF6C}"
EndProject
Project("{8BC9CEB8-8B4A-11D0-8D11-00A0C91BC942}") = "括号对", "括号对\括号对.vcxproj", "{F2C4ACA6-FF3B-4C86-BE0A-7BC056EEFDB7}"
EndProject
Project("{8BC9CEB8-8B4A-11D0-8D11-00A0C91BC942}") = "宏", "宏\宏.vcxproj", "{57E261B4-9EFC-4BFF-8A0F-FC8667555F86}"
EndProject
Project("{8BC9CEB8-8B4A-11D0-8D11-00A0C91BC942}") = "智能指针", "智能指针\智能指针.vcxproj", "{1A623C40-91A9-4E50-9BCD-ED38C8958363}"
EndProject
Project("{8BC9CEB8-8B4A-11D0-8D11-00A0C91BC942}") = "变体", "变体\变体.vcxproj", "{F3F43214-042A-41C4-8687-4DB21CF372E0}"
EndProject
Project("{2150E333-8FDC-42A3-9474-1A3956D46DE8}") = "网络编程", "网络编程", "{D0933419-F41C-4056-B14A-2E69D2637D4A}"
EndProject
Project("{8BC9CEB8-8B4A-11D0-8D11-00A0C91BC942}") = "const", "const\const.vcxproj", "{0074241F-8936-4ABF-BE5C-3F6654A5715C}"
EndProject
Project("{2150E333-8FDC-42A3-9474-1A3956D46DE8}") = "容器", "容器", "{148B1CF7-4EF7-448A-8EFF-58DBB6DA9F7C}"
EndProject
Project("{2150E333-8FDC-42A3-9474-1A3956D46DE8}") = "操作系统", "操作系统", "{B1E16F60-0774-458B-9D53-7CC020B74EFE}"
EndProject
Project("{8BC9CEB8-8B4A-11D0-8D11-00A0C91BC942}") = "字节序", "字节序\字节序.vcxproj", "{C9985EC8-DA3F-43B7-A9C3-A2EB86F65932}"
EndProject
Project("{2150E333-8FDC-42A3-9474-1A3956D46DE8}") = "数据库", "数据库", "{241134D2-6B95-44CF-A64C-625344F9DE15}"
EndProject
Project("{8BC9CEB8-8B4A-11D0-8D11-00A0C91BC942}") = "单例模式", "单例模式\单例模式.vcxproj", "{EAFE1BFA-918E-4B1D-AB78-8074D8322C17}"
EndProject
Global
	GlobalSection(SolutionConfigurationPlatforms) = preSolution
		Debug|x64 = Debug|x64
		Debug|x86 = Debug|x86
		Release|x64 = Release|x64
		Release|x86 = Release|x86
	EndGlobalSection
	GlobalSection(ProjectConfigurationPlatforms) = postSolution
		{629F1FEE-B47E-401A-B308-912CA5E7013B}.Debug|x64.ActiveCfg = Debug|x64
		{629F1FEE-B47E-401A-B308-912CA5E7013B}.Debug|x64.Build.0 = Debug|x64
		{629F1FEE-B47E-401A-B308-912CA5E7013B}.Debug|x86.ActiveCfg = Debug|Win32
		{629F1FEE-B47E-401A-B308-912CA5E7013B}.Debug|x86.Build.0 = Debug|Win32
		{629F1FEE-B47E-401A-B308-912CA5E7013B}.Release|x64.ActiveCfg = Release|x64
		{629F1FEE-B47E-401A-B308-912CA5E7013B}.Release|x64.Build.0 = Release|x64
		{629F1FEE-B47E-401A-B308-912CA5E7013B}.Release|x86.ActiveCfg = Release|Win32
		{629F1FEE-B47E-401A-B308-912CA5E7013B}.Release|x86.Build.0 = Release|Win32
		{33978C1C-83B6-4636-B101-8AC424C6421C}.Debug|x64.ActiveCfg = Debug|x64
		{33978C1C-83B6-4636-B101-8AC424C6421C}.Debug|x64.Build.0 = Debug|x64
		{33978C1C-83B6-4636-B101-8AC424C6421C}.Debug|x86.ActiveCfg = Debug|Win32
		{33978C1C-83B6-4636-B101-8AC424C6421C}.Debug|x86.Build.0 = Debug|Win32
		{33978C1C-83B6-4636-B101-8AC424C6421C}.Release|x64.ActiveCfg = Release|x64
		{33978C1C-83B6-4636-B101-8AC424C6421C}.Release|x64.Build.0 = Release|x64
		{33978C1C-83B6-4636-B101-8AC424C6421C}.Release|x86.ActiveCfg = Release|Win32
		{33978C1C-83B6-4636-B101-8AC424C6421C}.Release|x86.Build.0 = Release|Win32
		{F72BD283-6450-43A7-A968-17D9DA6A8BD1}.Debug|x64.ActiveCfg = Debug|x64
		{F72BD283-6450-43A7-A968-17D9DA6A8BD1}.Debug|x64.Build.0 = Debug|x64
		{F72BD283-6450-43A7-A968-17D9DA6A8BD1}.Debug|x86.ActiveCfg = Debug|Win32
		{F72BD283-6450-43A7-A968-17D9DA6A8BD1}.Debug|x86.Build.0 = Debug|Win32
		{F72BD283-6450-43A7-A968-17D9DA6A8BD1}.Release|x64.ActiveCfg = Release|x64
		{F72BD283-6450-43A7-A968-17D9DA6A8BD1}.Release|x64.Build.0 = Release|x64
		{F72BD283-6450-43A7-A968-17D9DA6A8BD1}.Release|x86.ActiveCfg = Release|Win32
		{F72BD283-6450-43A7-A968-17D9DA6A8BD1}.Release|x86.Build.0 = Release|Win32
		{40030062-54DF-481E-8B23-F82942CC2DD8}.Debug|x64.ActiveCfg = Debug|x64
		{40030062-54DF-481E-8B23-F82942CC2DD8}.Debug|x64.Build.0 = Debug|x64
		{40030062-54DF-481E-8B23-F82942CC2DD8}.Debug|x86.ActiveCfg = Debug|Win32
		{40030062-54DF-481E-8B23-F82942CC2DD8}.Debug|x86.Build.0 = Debug|Win32
		{40030062-54DF-481E-8B23-F82942CC2DD8}.Release|x64.ActiveCfg = Release|x64
		{40030062-54DF-481E-8B23-F82942CC2DD8}.Release|x64.Build.0 = Release|x64
		{40030062-54DF-481E-8B23-F82942CC2DD8}.Release|x86.ActiveCfg = Release|Win32
		{40030062-54DF-481E-8B23-F82942CC2DD8}.Release|x86.Build.0 = Release|Win32
		{75ADC1A6-3FE1-4828-9C61-CA974CD08384}.Debug|x64.ActiveCfg = Debug|x64
		{75ADC1A6-3FE1-4828-9C61-CA974CD08384}.Debug|x64.Build.0 = Debug|x64
		{75ADC1A6-3FE1-4828-9C61-CA974CD08384}.Debug|x86.ActiveCfg = Debug|Win32
		{75ADC1A6-3FE1-4828-9C61-CA974CD08384}.Debug|x86.Build.0 = Debug|Win32
		{75ADC1A6-3FE1-4828-9C61-CA974CD08384}.Release|x64.ActiveCfg = Release|x64
		{75ADC1A6-3FE1-4828-9C61-CA974CD08384}.Release|x64.Build.0 = Release|x64
		{75ADC1A6-3FE1-4828-9C61-CA974CD08384}.Release|x86.ActiveCfg = Release|Win32
		{75ADC1A6-3FE1-4828-9C61-CA974CD08384}.Release|x86.Build.0 = Release|Win32
		{2042FE38-3CC6-46A3-A342-A54F205C8ED3}.Debug|x64.ActiveCfg = Debug|x64
		{2042FE38-3CC6-46A3-A342-A54F205C8ED3}.Debug|x64.Build.0 = Debug|x64
		{2042FE38-3CC6-46A3-A342-A54F205C8ED3}.Debug|x86.ActiveCfg = Debug|Win32
		{2042FE38-3CC6-46A3-A342-A54F205C8ED3}.Debug|x86.Build.0 = Debug|Win32
		{2042FE38-3CC6-46A3-A342-A54F205C8ED3}.Release|x64.ActiveCfg = Release|x64
		{2042FE38-3CC6-46A3-A342-A54F205C8ED3}.Release|x64.Build.0 = Release|x64
		{2042FE38-3CC6-46A3-A342-A54F205C8ED3}.Release|x86.ActiveCfg = Release|Win32
		{2042FE38-3CC6-46A3-A342-A54F205C8ED3}.Release|x86.Build.0 = Release|Win32
		{842A47A8-6E7E-4FA2-90FA-D99CC48884A5}.Debug|x64.ActiveCfg = Debug|x64
		{842A47A8-6E7E-4FA2-90FA-D99CC48884A5}.Debug|x64.Build.0 = Debug|x64
		{842A47A8-6E7E-4FA2-90FA-D99CC48884A5}.Debug|x86.ActiveCfg = Debug|Win32
		{842A47A8-6E7E-4FA2-90FA-D99CC48884A5}.Debug|x86.Build.0 = Debug|Win32
		{842A47A8-6E7E-4FA2-90FA-D99CC48884A5}.Release|x64.ActiveCfg = Release|x64
		{842A47A8-6E7E-4FA2-90FA-D99CC48884A5}.Release|x64.Build.0 = Release|x64
		{842A47A8-6E7E-4FA2-90FA-D99CC48884A5}.Release|x86.ActiveCfg = Release|Win32
		{842A47A8-6E7E-4FA2-90FA-D99CC48884A5}.Release|x86.Build.0 = Release|Win32
		{AAE68692-E855-4406-9FD6-8CE444B55007}.Debug|x64.ActiveCfg = Debug|x64
		{AAE68692-E855-4406-9FD6-8CE444B55007}.Debug|x64.Build.0 = Debug|x64
		{AAE68692-E855-4406-9FD6-8CE444B55007}.Debug|x86.ActiveCfg = Debug|Win32
		{AAE68692-E855-4406-9FD6-8CE444B55007}.Debug|x86.Build.0 = Debug|Win32
		{AAE68692-E855-4406-9FD6-8CE444B55007}.Release|x64.ActiveCfg = Release|x64
		{AAE68692-E855-4406-9FD6-8CE444B55007}.Release|x64.Build.0 = Release|x64
		{AAE68692-E855-4406-9FD6-8CE444B55007}.Release|x86.ActiveCfg = Release|Win32
		{AAE68692-E855-4406-9FD6-8CE444B55007}.Release|x86.Build.0 = Release|Win32
		{FE6BF549-BE75-4FFA-BA63-46B9402C9848}.Debug|x64.ActiveCfg = Debug|x64
		{FE6BF549-BE75-4FFA-BA63-46B9402C9848}.Debug|x64.Build.0 = Debug|x64
		{FE6BF549-BE75-4FFA-BA63-46B9402C9848}.Debug|x86.ActiveCfg = Debug|Win32
		{FE6BF549-BE75-4FFA-BA63-46B9402C9848}.Debug|x86.Build.0 = Debug|Win32
		{FE6BF549-BE75-4FFA-BA63-46B9402C9848}.Release|x64.ActiveCfg = Release|x64
		{FE6BF549-BE75-4FFA-BA63-46B9402C9848}.Release|x64.Build.0 = Release|x64
		{FE6BF549-BE75-4FFA-BA63-46B9402C9848}.Release|x86.ActiveCfg = Release|Win32
		{FE6BF549-BE75-4FFA-BA63-46B9402C9848}.Release|x86.Build.0 = Release|Win32
		{F8D71679-D2FA-4870-82AB-A9EFAAC61C72}.Debug|x64.ActiveCfg = Debug|x64
		{F8D71679-D2FA-4870-82AB-A9EFAAC61C72}.Debug|x64.Build.0 = Debug|x64
		{F8D71679-D2FA-4870-82AB-A9EFAAC61C72}.Debug|x86.ActiveCfg = Debug|Win32
		{F8D71679-D2FA-4870-82AB-A9EFAAC61C72}.Debug|x86.Build.0 = Debug|Win32
		{F8D71679-D2FA-4870-82AB-A9EFAAC61C72}.Release|x64.ActiveCfg = Release|x64
		{F8D71679-D2FA-4870-82AB-A9EFAAC61C72}.Release|x64.Build.0 = Release|x64
		{F8D71679-D2FA-4870-82AB-A9EFAAC61C72}.Release|x86.ActiveCfg = Release|Win32
		{F8D71679-D2FA-4870-82AB-A9EFAAC61C72}.Release|x86.Build.0 = Release|Win32
		{7E1BBF7B-56FC-4613-88F7-6E141A3DF9AD}.Debug|x64.ActiveCfg = Debug|x64
		{7E1BBF7B-56FC-4613-88F7-6E141A3DF9AD}.Debug|x64.Build.0 = Debug|x64
		{7E1BBF7B-56FC-4613-88F7-6E141A3DF9AD}.Debug|x86.ActiveCfg = Debug|Win32
		{7E1BBF7B-56FC-4613-88F7-6E141A3DF9AD}.Debug|x86.Build.0 = Debug|Win32
		{7E1BBF7B-56FC-4613-88F7-6E141A3DF9AD}.Release|x64.ActiveCfg = Release|x64
		{7E1BBF7B-56FC-4613-88F7-6E141A3DF9AD}.Release|x64.Build.0 = Release|x64
		{7E1BBF7B-56FC-4613-88F7-6E141A3DF9AD}.Release|x86.ActiveCfg = Release|Win32
		{7E1BBF7B-56FC-4613-88F7-6E141A3DF9AD}.Release|x86.Build.0 = Release|Win32
		{9D3347A2-91B5-4B66-A30B-D30FF0215407}.Debug|x64.ActiveCfg = Debug|x64
		{9D3347A2-91B5-4B66-A30B-D30FF0215407}.Debug|x64.Build.0 = Debug|x64
		{9D3347A2-91B5-4B66-A30B-D30FF0215407}.Debug|x86.ActiveCfg = Debug|Win32
		{9D3347A2-91B5-4B66-A30B-D30FF0215407}.Debug|x86.Build.0 = Debug|Win32
		{9D3347A2-91B5-4B66-A30B-D30FF0215407}.Release|x64.ActiveCfg = Release|x64
		{9D3347A2-91B5-4B66-A30B-D30FF0215407}.Release|x64.Build.0 = Release|x64
		{9D3347A2-91B5-4B66-A30B-D30FF0215407}.Release|x86.ActiveCfg = Release|Win32
		{9D3347A2-91B5-4B66-A30B-D30FF0215407}.Release|x86.Build.0 = Release|Win32
		{B9BECC35-B900-4933-B656-2F574C54614A}.Debug|x64.ActiveCfg = Debug|x64
		{B9BECC35-B900-4933-B656-2F574C54614A}.Debug|x64.Build.0 = Debug|x64
		{B9BECC35-B900-4933-B656-2F574C54614A}.Debug|x86.ActiveCfg = Debug|Win32
		{B9BECC35-B900-4933-B656-2F574C54614A}.Debug|x86.Build.0 = Debug|Win32
		{B9BECC35-B900-4933-B656-2F574C54614A}.Release|x64.ActiveCfg = Release|x64
		{B9BECC35-B900-4933-B656-2F574C54614A}.Release|x64.Build.0 = Release|x64
		{B9BECC35-B900-4933-B656-2F574C54614A}.Release|x86.ActiveCfg = Release|Win32
		{B9BECC35-B900-4933-B656-2F574C54614A}.Release|x86.Build.0 = Release|Win32
		{A87236C1-B7DD-44A7-9C78-DFDDE1B66993}.Debug|x64.ActiveCfg = Debug|x64
		{A87236C1-B7DD-44A7-9C78-DFDDE1B66993}.Debug|x64.Build.0 = Debug|x64
		{A87236C1-B7DD-44A7-9C78-DFDDE1B66993}.Debug|x86.ActiveCfg = Debug|Win32
		{A87236C1-B7DD-44A7-9C78-DFDDE1B66993}.Debug|x86.Build.0 = Debug|Win32
		{A87236C1-B7DD-44A7-9C78-DFDDE1B66993}.Release|x64.ActiveCfg = Release|x64
		{A87236C1-B7DD-44A7-9C78-DFDDE1B66993}.Release|x64.Build.0 = Release|x64
		{A87236C1-B7DD-44A7-9C78-DFDDE1B66993}.Release|x86.ActiveCfg = Release|Win32
		{A87236C1-B7DD-44A7-9C78-DFDDE1B66993}.Release|x86.Build.0 = Release|Win32
		{AECE596A-9544-4A62-86A9-38EA58581233}.Debug|x64.ActiveCfg = Debug|x64
		{AECE596A-9544-4A62-86A9-38EA58581233}.Debug|x64.Build.0 = Debug|x64
		{AECE596A-9544-4A62-86A9-38EA58581233}.Debug|x86.ActiveCfg = Debug|Win32
		{AECE596A-9544-4A62-86A9-38EA58581233}.Debug|x86.Build.0 = Debug|Win32
		{AECE596A-9544-4A62-86A9-38EA58581233}.Release|x64.ActiveCfg = Release|x64
		{AECE596A-9544-4A62-86A9-38EA58581233}.Release|x64.Build.0 = Release|x64
		{AECE596A-9544-4A62-86A9-38EA58581233}.Release|x86.ActiveCfg = Release|Win32
		{AECE596A-9544-4A62-86A9-38EA58581233}.Release|x86.Build.0 = Release|Win32
		{FFCC78BF-B329-474A-B59A-9B44A54CAF6C}.Debug|x64.ActiveCfg = Debug|x64
		{FFCC78BF-B329-474A-B59A-9B44A54CAF6C}.Debug|x64.Build.0 = Debug|x64
		{FFCC78BF-B329-474A-B59A-9B44A54CAF6C}.Debug|x86.ActiveCfg = Debug|Win32
		{FFCC78BF-B329-474A-B59A-9B44A54CAF6C}.Debug|x86.Build.0 = Debug|Win32
		{FFCC78BF-B329-474A-B59A-9B44A54CAF6C}.Release|x64.ActiveCfg = Release|x64
		{FFCC78BF-B329-474A-B59A-9B44A54CAF6C}.Release|x64.Build.0 = Release|x64
		{FFCC78BF-B329-474A-B59A-9B44A54CAF6C}.Release|x86.ActiveCfg = Release|Win32
		{FFCC78BF-B329-474A-B59A-9B44A54CAF6C}.Release|x86.Build.0 = Release|Win32
		{F2C4ACA6-FF3B-4C86-BE0A-7BC056EEFDB7}.Debug|x64.ActiveCfg = Debug|x64
		{F2C4ACA6-FF3B-4C86-BE0A-7BC056EEFDB7}.Debug|x64.Build.0 = Debug|x64
		{F2C4ACA6-FF3B-4C86-BE0A-7BC056EEFDB7}.Debug|x86.ActiveCfg = Debug|Win32
		{F2C4ACA6-FF3B-4C86-BE0A-7BC056EEFDB7}.Debug|x86.Build.0 = Debug|Win32
		{F2C4ACA6-FF3B-4C86-BE0A-7BC056EEFDB7}.Release|x64.ActiveCfg = Release|x64
		{F2C4ACA6-FF3B-4C86-BE0A-7BC056EEFDB7}.Release|x64.Build.0 = Release|x64
		{F2C4ACA6-FF3B-4C86-BE0A-7BC056EEFDB7}.Release|x86.ActiveCfg = Release|Win32
		{F2C4ACA6-FF3B-4C86-BE0A-7BC056EEFDB7}.Release|x86.Build.0 = Release|Win32
		{57E261B4-9EFC-4BFF-8A0F-FC8667555F86}.Debug|x64.ActiveCfg = Debug|x64
		{57E261B4-9EFC-4BFF-8A0F-FC8667555F86}.Debug|x64.Build.0 = Debug|x64
		{57E261B4-9EFC-4BFF-8A0F-FC8667555F86}.Debug|x86.ActiveCfg = Debug|Win32
		{57E261B4-9EFC-4BFF-8A0F-FC8667555F86}.Debug|x86.Build.0 = Debug|Win32
		{57E261B4-9EFC-4BFF-8A0F-FC8667555F86}.Release|x64.ActiveCfg = Release|x64
		{57E261B4-9EFC-4BFF-8A0F-FC8667555F86}.Release|x64.Build.0 = Release|x64
		{57E261B4-9EFC-4BFF-8A0F-FC8667555F86}.Release|x86.ActiveCfg = Release|Win32
		{57E261B4-9EFC-4BFF-8A0F-FC8667555F86}.Release|x86.Build.0 = Release|Win32
		{1A623C40-91A9-4E50-9BCD-ED38C8958363}.Debug|x64.ActiveCfg = Debug|x64
		{1A623C40-91A9-4E50-9BCD-ED38C8958363}.Debug|x64.Build.0 = Debug|x64
		{1A623C40-91A9-4E50-9BCD-ED38C8958363}.Debug|x86.ActiveCfg = Debug|Win32
		{1A623C40-91A9-4E50-9BCD-ED38C8958363}.Debug|x86.Build.0 = Debug|Win32
		{1A623C40-91A9-4E50-9BCD-ED38C8958363}.Release|x64.ActiveCfg = Release|x64
		{1A623C40-91A9-4E50-9BCD-ED38C8958363}.Release|x64.Build.0 = Release|x64
		{1A623C40-91A9-4E50-9BCD-ED38C8958363}.Release|x86.ActiveCfg = Release|Win32
		{1A623C40-91A9-4E50-9BCD-ED38C8958363}.Release|x86.Build.0 = Release|Win32
		{F3F43214-042A-41C4-8687-4DB21CF372E0}.Debug|x64.ActiveCfg = Debug|x64
		{F3F43214-042A-41C4-8687-4DB21CF372E0}.Debug|x64.Build.0 = Debug|x64
		{F3F43214-042A-41C4-8687-4DB21CF372E0}.Debug|x86.ActiveCfg = Debug|Win32
		{F3F43214-042A-41C4-8687-4DB21CF372E0}.Debug|x86.Build.0 = Debug|Win32
		{F3F43214-042A-41C4-8687-4DB21CF372E0}.Release|x64.ActiveCfg = Release|x64
		{F3F43214-042A-41C4-8687-4DB21CF372E0}.Release|x64.Build.0 = Release|x64
		{F3F43214-042A-41C4-8687-4DB21CF372E0}.Release|x86.ActiveCfg = Release|Win32
		{F3F43214-042A-41C4-8687-4DB21CF372E0}.Release|x86.Build.0 = Release|Win32
		{0074241F-8936-4ABF-BE5C-3F6654A5715C}.Debug|x64.ActiveCfg = Debug|x64
		{0074241F-8936-4ABF-BE5C-3F6654A5715C}.Debug|x64.Build.0 = Debug|x64
		{0074241F-8936-4ABF-BE5C-3F6654A5715C}.Debug|x86.ActiveCfg = Debug|Win32
		{0074241F-8936-4ABF-BE5C-3F6654A5715C}.Debug|x86.Build.0 = Debug|Win32
		{0074241F-8936-4ABF-BE5C-3F6654A5715C}.Release|x64.ActiveCfg = Release|x64
		{0074241F-8936-4ABF-BE5C-3F6654A5715C}.Release|x64.Build.0 = Release|x64
		{0074241F-8936-4ABF-BE5C-3F6654A5715C}.Release|x86.ActiveCfg = Release|Win32
		{0074241F-8936-4ABF-BE5C-3F6654A5715C}.Release|x86.Build.0 = Release|Win32
		{C9985EC8-DA3F-43B7-A9C3-A2EB86F65932}.Debug|x64.ActiveCfg = Debug|x64
		{C9985EC8-DA3F-43B7-A9C3-A2EB86F65932}.Debug|x64.Build.0 = Debug|x64
		{C9985EC8-DA3F-43B7-A9C3-A2EB86F65932}.Debug|x86.ActiveCfg = Debug|Win32
		{C9985EC8-DA3F-43B7-A9C3-A2EB86F65932}.Debug|x86.Build.0 = Debug|Win32
		{C9985EC8-DA3F-43B7-A9C3-A2EB86F65932}.Release|x64.ActiveCfg = Release|x64
		{C9985EC8-DA3F-43B7-A9C3-A2EB86F65932}.Release|x64.Build.0 = Release|x64
		{C9985EC8-DA3F-43B7-A9C3-A2EB86F65932}.Release|x86.ActiveCfg = Release|Win32
		{C9985EC8-DA3F-43B7-A9C3-A2EB86F65932}.Release|x86.Build.0 = Release|Win32
		{EAFE1BFA-918E-4B1D-AB78-8074D8322C17}.Debug|x64.ActiveCfg = Debug|x64
		{EAFE1BFA-918E-4B1D-AB78-8074D8322C17}.Debug|x64.Build.0 = Debug|x64
		{EAFE1BFA-918E-4B1D-AB78-8074D8322C17}.Debug|x86.ActiveCfg = Debug|Win32
		{EAFE1BFA-918E-4B1D-AB78-8074D8322C17}.Debug|x86.Build.0 = Debug|Win32
		{EAFE1BFA-918E-4B1D-AB78-8074D8322C17}.Release|x64.ActiveCfg = Release|x64
		{EAFE1BFA-918E-4B1D-AB78-8074D8322C17}.Release|x64.Build.0 = Release|x64
		{EAFE1BFA-918E-4B1D-AB78-8074D8322C17}.Release|x86.ActiveCfg = Release|Win32
		{EAFE1BFA-918E-4B1D-AB78-8074D8322C17}.Release|x86.Build.0 = Release|Win32
	EndGlobalSection
	GlobalSection(SolutionProperties) = preSolution
		HideSolutionNode = FALSE
	EndGlobalSection
	GlobalSection(NestedProjects) = preSolution
		{629F1FEE-B47E-401A-B308-912CA5E7013B} = {3019895B-63A0-4B3A-986E-6FEF8517ADBA}
		{33978C1C-83B6-4636-B101-8AC424C6421C} = {3019895B-63A0-4B3A-986E-6FEF8517ADBA}
		{F72BD283-6450-43A7-A968-17D9DA6A8BD1} = {3019895B-63A0-4B3A-986E-6FEF8517ADBA}
		{40030062-54DF-481E-8B23-F82942CC2DD8} = {3019895B-63A0-4B3A-986E-6FEF8517ADBA}
		{75ADC1A6-3FE1-4828-9C61-CA974CD08384} = {3019895B-63A0-4B3A-986E-6FEF8517ADBA}
		{2042FE38-3CC6-46A3-A342-A54F205C8ED3} = {763E139B-62EF-40F6-8486-E139DC054443}
		{842A47A8-6E7E-4FA2-90FA-D99CC48884A5} = {763E139B-62EF-40F6-8486-E139DC054443}
		{AAE68692-E855-4406-9FD6-8CE444B55007} = {763E139B-62EF-40F6-8486-E139DC054443}
		{FE6BF549-BE75-4FFA-BA63-46B9402C9848} = {763E139B-62EF-40F6-8486-E139DC054443}
		{F8D71679-D2FA-4870-82AB-A9EFAAC61C72} = {763E139B-62EF-40F6-8486-E139DC054443}
		{7E1BBF7B-56FC-4613-88F7-6E141A3DF9AD} = {763E139B-62EF-40F6-8486-E139DC054443}
		{3019895B-63A0-4B3A-986E-6FEF8517ADBA} = {71C68671-D316-4C95-A003-6D61D3CA7FC4}
		{9D3347A2-91B5-4B66-A30B-D30FF0215407} = {71C68671-D316-4C95-A003-6D61D3CA7FC4}
		{B9BECC35-B900-4933-B656-2F574C54614A} = {94155FD5-C52F-4409-91EF-57B29630C106}
		{A87236C1-B7DD-44A7-9C78-DFDDE1B66993} = {94155FD5-C52F-4409-91EF-57B29630C106}
		{AECE596A-9544-4A62-86A9-38EA58581233} = {71C68671-D316-4C95-A003-6D61D3CA7FC4}
		{FFCC78BF-B329-474A-B59A-9B44A54CAF6C} = {94155FD5-C52F-4409-91EF-57B29630C106}
		{F2C4ACA6-FF3B-4C86-BE0A-7BC056EEFDB7} = {906D0331-8F06-4B73-A552-19DDECBAAF9B}
		{57E261B4-9EFC-4BFF-8A0F-FC8667555F86} = {94155FD5-C52F-4409-91EF-57B29630C106}
		{1A623C40-91A9-4E50-9BCD-ED38C8958363} = {94155FD5-C52F-4409-91EF-57B29630C106}
		{F3F43214-042A-41C4-8687-4DB21CF372E0} = {94155FD5-C52F-4409-91EF-57B29630C106}
		{0074241F-8936-4ABF-BE5C-3F6654A5715C} = {94155FD5-C52F-4409-91EF-57B29630C106}
		{148B1CF7-4EF7-448A-8EFF-58DBB6DA9F7C} = {94155FD5-C52F-4409-91EF-57B29630C106}
		{C9985EC8-DA3F-43B7-A9C3-A2EB86F65932} = {B1E16F60-0774-458B-9D53-7CC020B74EFE}
		{EAFE1BFA-918E-4B1D-AB78-8074D8322C17} = {F2ABF2F3-D2DA-4921-A58C-564F84773CA8}
	EndGlobalSection
EndGlobal
